
Microsoft Visual Studio Solution File, Format Version 12.00
# Visual Studio Version 16
VisualStudioVersion = 16.0.33927.289
MinimumVisualStudioVersion = 10.0.40219.1
Project("{2150E333-8FDC-42A3-9474-1A3956D46DE8}") = "Task0", "Task0", "{76752C5B-46C8-4161-BAC5-1C2271A19857}"
EndProject
Project("{2150E333-8FDC-42A3-9474-1A3956D46DE8}") = "Task1", "Task1", "{89C9798F-AC40-42CF-ADC5-2532E82EC111}"
EndProject
Project("{FAE04EC0-301F-11D3-BF4B-00C04F79EFBC}") = "Tyuiu.DeminDA.Sprint0.Task0.V0", "Tyuiu.DeminDA.Sprint0.Task0.V0\Tyuiu.DeminDA.Sprint0.Task0.V0.csproj", "{5EA58E7F-5787-413D-8B12-C8A19A3718A4}"
EndProject
Project("{FAE04EC0-301F-11D3-BF4B-00C04F79EFBC}") = "Tyuiu.DeminDA.Sprint0.Task1.V0", "Tyuiu.DeminDA.Sprint0.Task1.V0\Tyuiu.DeminDA.Sprint0.Task1.V0.csproj", "{88CB27C1-DA1A-48DE-BE06-DD1F32A1BEFC}"
EndProject
Project("{2150E333-8FDC-42A3-9474-1A3956D46DE8}") = "Task2", "Task2", "{68F8840B-ED41-4114-B255-5FD2CF5BF0F4}"
EndProject
Project("{FAE04EC0-301F-11D3-BF4B-00C04F79EFBC}") = "Tyuiu.DeminDA.Sprint0.Task2.V0", "Tyuiu.DeminDA.Sprint0.Task2.V0\Tyuiu.DeminDA.Sprint0.Task2.V0.csproj", "{2F666941-736D-4732-AE06-3D59DBAA6F8F}"
EndProject
Project("{FAE04EC0-301F-11D3-BF4B-00C04F79EFBC}") = "Tyuiu.DeminDA.Sprint0.Task2.V0.Lib", "Tyuiu.DeminDA.Sprint0.Task2.V0.Lib\Tyuiu.DeminDA.Sprint0.Task2.V0.Lib.csproj", "{530337EE-0483-4990-8F95-BD9DEA348521}"
EndProject
Project("{FAE04EC0-301F-11D3-BF4B-00C04F79EFBC}") = "Tyuiu.DeminDA.Sprint0.Task2.V0.Test", "Tyuiu.DeminDA.Sprint0.Task2.V0.Test\Tyuiu.DeminDA.Sprint0.Task2.V0.Test.csproj", "{58C9D47F-3033-4A9A-AFC2-9B466CF96740}"
EndProject
Project("{2150E333-8FDC-42A3-9474-1A3956D46DE8}") = "Task3", "Task3", "{87682F4E-8E33-4035-932F-72D98333A11B}"
EndProject
Project("{FAE04EC0-301F-11D3-BF4B-00C04F79EFBC}") = "Tyuiu.DeminDA.Sprint0.Task3.V0", "Tyuiu.DeminDA.Sprint0.Task3.V0\Tyuiu.DeminDA.Sprint0.Task3.V0.csproj", "{4E8E8DFA-537F-4C53-A440-65C6103509DD}"
EndProject
Project("{FAE04EC0-301F-11D3-BF4B-00C04F79EFBC}") = "Tyuiu.DeminDA.Sprint0.Task3.V0.Lib", "Tyuiu.DeminDA.Sprint0.Task3.V0.Lib\Tyuiu.DeminDA.Sprint0.Task3.V0.Lib.csproj", "{4B4678F3-9E17-47E9-A80C-3E984B421857}"
EndProject
Project("{FAE04EC0-301F-11D3-BF4B-00C04F79EFBC}") = "Tyuiu.DeminDA.Sprint0.Task3.V0.Test", "Tyuiu.DeminDA.Sprint0.Task3.V0.Test\Tyuiu.DeminDA.Sprint0.Task3.V0.Test.csproj", "{DA6D44EB-D93F-4615-BE90-239B43F24DB2}"
EndProject
Project("{2150E333-8FDC-42A3-9474-1A3956D46DE8}") = "Task4", "Task4", "{1FA15944-8AD7-46D0-B41B-65EE5A9CD8A0}"
EndProject
Project("{FAE04EC0-301F-11D3-BF4B-00C04F79EFBC}") = "Tyuiu.DeminDA.Sprint0.Task4.V0.Lib", "Tyuiu.DeminDA.Sprint0.Task4.V0.Lib\Tyuiu.DeminDA.Sprint0.Task4.V0.Lib.csproj", "{77145A81-D6EC-4218-8E87-D470C1F7B1FD}"
EndProject
Project("{FAE04EC0-301F-11D3-BF4B-00C04F79EFBC}") = "Tyuiu.DeminDA.Sprint0.Task4.V0.Test", "Tyuiu.DeminDA.Sprint0.Task4.V0.Test\Tyuiu.DeminDA.Sprint0.Task4.V0.Test.csproj", "{321A5E40-8ECE-4414-B172-0C22A31D99E3}"
EndProject
Project("{FAE04EC0-301F-11D3-BF4B-00C04F79EFBC}") = "Tyuiu.DeminDA.Sprint0.Task4.V0", "Tyuiu.DeminDA.Sprint0.Task4.V0\Tyuiu.DeminDA.Sprint0.Task4.V0.csproj", "{5DD3E8A1-7B4F-4FFF-B897-62CB98B0530E}"
EndProject
Project("{2150E333-8FDC-42A3-9474-1A3956D46DE8}") = "Task5", "Task5", "{547AA182-FD75-490A-A03E-A5D9B72526A1}"
EndProject
Project("{FAE04EC0-301F-11D3-BF4B-00C04F79EFBC}") = "Tyuiu.DeminDA.Sprint0.Task5.V0.Lib", "Tyuiu.DeminDA.Sprint0.Task5.V0.Lib\Tyuiu.DeminDA.Sprint0.Task5.V0.Lib.csproj", "{DB27135C-C7EC-449B-9324-574FE574FFB9}"
EndProject
Project("{FAE04EC0-301F-11D3-BF4B-00C04F79EFBC}") = "Tyuiu.DeminDA.Sprint0.Task5.V0.Test", "Tyuiu.DeminDA.Sprint0.Task5.V0.Test\Tyuiu.DeminDA.Sprint0.Task5.V0.Test.csproj", "{846DB5EC-A35B-4EDA-B9AF-058CB9EEE543}"
EndProject
Project("{FAE04EC0-301F-11D3-BF4B-00C04F79EFBC}") = "Tyuiu.DeminDA.Sprint0.Task5.V0", "Tyuiu.DeminDA.Sprint0.Task5.V0\Tyuiu.DeminDA.Sprint0.Task5.V0.csproj", "{9D32CFD9-AF34-4829-A59A-A5C84091AE84}"
EndProject
Project("{2150E333-8FDC-42A3-9474-1A3956D46DE8}") = "Task6", "Task6", "{6E77AB55-573D-44F9-AB66-CB90CC3510C0}"
EndProject
Project("{2150E333-8FDC-42A3-9474-1A3956D46DE8}") = "Task7", "Task7", "{2B41420D-9535-4015-ADA4-DA58118BD89F}"
EndProject
Project("{FAE04EC0-301F-11D3-BF4B-00C04F79EFBC}") = "Tyuiu.DeminDA.Sprint0.Task6.V0", "Tyuiu.DeminDA.Sprint0.Task6.V0\Tyuiu.DeminDA.Sprint0.Task6.V0.csproj", "{0FDBE538-DF6E-43A5-8194-F586118A37E1}"
EndProject
Project("{FAE04EC0-301F-11D3-BF4B-00C04F79EFBC}") = "Tyuiu.DeminDA.Sprint0.Task6.V0.Test", "Tyuiu.DeminDA.Sprint0.Task6.V0.Test\Tyuiu.DeminDA.Sprint0.Task6.V0.Test.csproj", "{6DBCFD61-EC15-4E46-A6A7-65B5D5BD3F33}"
EndProject
Project("{FAE04EC0-301F-11D3-BF4B-00C04F79EFBC}") = "Tyuiu.DeminDA.Sprint0.Task6.V0.Lib", "Tyuiu.DeminDA.Sprint0.Task6.V0.Lib\Tyuiu.DeminDA.Sprint0.Task6.V0.Lib.csproj", "{97FE2765-3368-4233-B636-8E15B7EFEF65}"
EndProject
Global
	GlobalSection(SolutionConfigurationPlatforms) = preSolution
		Debug|Any CPU = Debug|Any CPU
		Release|Any CPU = Release|Any CPU
	EndGlobalSection
	GlobalSection(ProjectConfigurationPlatforms) = postSolution
		{5EA58E7F-5787-413D-8B12-C8A19A3718A4}.Debug|Any CPU.ActiveCfg = Debug|Any CPU
		{5EA58E7F-5787-413D-8B12-C8A19A3718A4}.Debug|Any CPU.Build.0 = Debug|Any CPU
		{5EA58E7F-5787-413D-8B12-C8A19A3718A4}.Release|Any CPU.ActiveCfg = Release|Any CPU
		{5EA58E7F-5787-413D-8B12-C8A19A3718A4}.Release|Any CPU.Build.0 = Release|Any CPU
		{88CB27C1-DA1A-48DE-BE06-DD1F32A1BEFC}.Debug|Any CPU.ActiveCfg = Debug|Any CPU
		{88CB27C1-DA1A-48DE-BE06-DD1F32A1BEFC}.Debug|Any CPU.Build.0 = Debug|Any CPU
		{88CB27C1-DA1A-48DE-BE06-DD1F32A1BEFC}.Release|Any CPU.ActiveCfg = Release|Any CPU
		{88CB27C1-DA1A-48DE-BE06-DD1F32A1BEFC}.Release|Any CPU.Build.0 = Release|Any CPU
		{2F666941-736D-4732-AE06-3D59DBAA6F8F}.Debug|Any CPU.ActiveCfg = Debug|Any CPU
		{2F666941-736D-4732-AE06-3D59DBAA6F8F}.Debug|Any CPU.Build.0 = Debug|Any CPU
		{2F666941-736D-4732-AE06-3D59DBAA6F8F}.Release|Any CPU.ActiveCfg = Release|Any CPU
		{2F666941-736D-4732-AE06-3D59DBAA6F8F}.Release|Any CPU.Build.0 = Release|Any CPU
		{530337EE-0483-4990-8F95-BD9DEA348521}.Debug|Any CPU.ActiveCfg = Debug|Any CPU
		{530337EE-0483-4990-8F95-BD9DEA348521}.Debug|Any CPU.Build.0 = Debug|Any CPU
		{530337EE-0483-4990-8F95-BD9DEA348521}.Release|Any CPU.ActiveCfg = Release|Any CPU
		{530337EE-0483-4990-8F95-BD9DEA348521}.Release|Any CPU.Build.0 = Release|Any CPU
		{58C9D47F-3033-4A9A-AFC2-9B466CF96740}.Debug|Any CPU.ActiveCfg = Debug|Any CPU
		{58C9D47F-3033-4A9A-AFC2-9B466CF96740}.Debug|Any CPU.Build.0 = Debug|Any CPU
		{58C9D47F-3033-4A9A-AFC2-9B466CF96740}.Release|Any CPU.ActiveCfg = Release|Any CPU
		{58C9D47F-3033-4A9A-AFC2-9B466CF96740}.Release|Any CPU.Build.0 = Release|Any CPU
		{4E8E8DFA-537F-4C53-A440-65C6103509DD}.Debug|Any CPU.ActiveCfg = Debug|Any CPU
		{4E8E8DFA-537F-4C53-A440-65C6103509DD}.Debug|Any CPU.Build.0 = Debug|Any CPU
		{4E8E8DFA-537F-4C53-A440-65C6103509DD}.Release|Any CPU.ActiveCfg = Release|Any CPU
		{4E8E8DFA-537F-4C53-A440-65C6103509DD}.Release|Any CPU.Build.0 = Release|Any CPU
		{4B4678F3-9E17-47E9-A80C-3E984B421857}.Debug|Any CPU.ActiveCfg = Debug|Any CPU
		{4B4678F3-9E17-47E9-A80C-3E984B421857}.Debug|Any CPU.Build.0 = Debug|Any CPU
		{4B4678F3-9E17-47E9-A80C-3E984B421857}.Release|Any CPU.ActiveCfg = Release|Any CPU
		{4B4678F3-9E17-47E9-A80C-3E984B421857}.Release|Any CPU.Build.0 = Release|Any CPU
		{DA6D44EB-D93F-4615-BE90-239B43F24DB2}.Debug|Any CPU.ActiveCfg = Debug|Any CPU
		{DA6D44EB-D93F-4615-BE90-239B43F24DB2}.Debug|Any CPU.Build.0 = Debug|Any CPU
		{DA6D44EB-D93F-4615-BE90-239B43F24DB2}.Release|Any CPU.ActiveCfg = Release|Any CPU
		{DA6D44EB-D93F-4615-BE90-239B43F24DB2}.Release|Any CPU.Build.0 = Release|Any CPU
		{77145A81-D6EC-4218-8E87-D470C1F7B1FD}.Debug|Any CPU.ActiveCfg = Debug|Any CPU
		{77145A81-D6EC-4218-8E87-D470C1F7B1FD}.Debug|Any CPU.Build.0 = Debug|Any CPU
		{77145A81-D6EC-4218-8E87-D470C1F7B1FD}.Release|Any CPU.ActiveCfg = Release|Any CPU
		{77145A81-D6EC-4218-8E87-D470C1F7B1FD}.Release|Any CPU.Build.0 = Release|Any CPU
		{321A5E40-8ECE-4414-B172-0C22A31D99E3}.Debug|Any CPU.ActiveCfg = Debug|Any CPU
		{321A5E40-8ECE-4414-B172-0C22A31D99E3}.Debug|Any CPU.Build.0 = Debug|Any CPU
		{321A5E40-8ECE-4414-B172-0C22A31D99E3}.Release|Any CPU.ActiveCfg = Release|Any CPU
		{321A5E40-8ECE-4414-B172-0C22A31D99E3}.Release|Any CPU.Build.0 = Release|Any CPU
		{5DD3E8A1-7B4F-4FFF-B897-62CB98B0530E}.Debug|Any CPU.ActiveCfg = Debug|Any CPU
		{5DD3E8A1-7B4F-4FFF-B897-62CB98B0530E}.Debug|Any CPU.Build.0 = Debug|Any CPU
		{5DD3E8A1-7B4F-4FFF-B897-62CB98B0530E}.Release|Any CPU.ActiveCfg = Release|Any CPU
		{5DD3E8A1-7B4F-4FFF-B897-62CB98B0530E}.Release|Any CPU.Build.0 = Release|Any CPU
		{DB27135C-C7EC-449B-9324-574FE574FFB9}.Debug|Any CPU.ActiveCfg = Debug|Any CPU
		{DB27135C-C7EC-449B-9324-574FE574FFB9}.Debug|Any CPU.Build.0 = Debug|Any CPU
		{DB27135C-C7EC-449B-9324-574FE574FFB9}.Release|Any CPU.ActiveCfg = Release|Any CPU
		{DB27135C-C7EC-449B-9324-574FE574FFB9}.Release|Any CPU.Build.0 = Release|Any CPU
		{846DB5EC-A35B-4EDA-B9AF-058CB9EEE543}.Debug|Any CPU.ActiveCfg = Debug|Any CPU
		{846DB5EC-A35B-4EDA-B9AF-058CB9EEE543}.Debug|Any CPU.Build.0 = Debug|Any CPU
		{846DB5EC-A35B-4EDA-B9AF-058CB9EEE543}.Release|Any CPU.ActiveCfg = Release|Any CPU
		{846DB5EC-A35B-4EDA-B9AF-058CB9EEE543}.Release|Any CPU.Build.0 = Release|Any CPU
		{9D32CFD9-AF34-4829-A59A-A5C84091AE84}.Debug|Any CPU.ActiveCfg = Debug|Any CPU
		{9D32CFD9-AF34-4829-A59A-A5C84091AE84}.Debug|Any CPU.Build.0 = Debug|Any CPU
		{9D32CFD9-AF34-4829-A59A-A5C84091AE84}.Release|Any CPU.ActiveCfg = Release|Any CPU
		{9D32CFD9-AF34-4829-A59A-A5C84091AE84}.Release|Any CPU.Build.0 = Release|Any CPU
		{0FDBE538-DF6E-43A5-8194-F586118A37E1}.Debug|Any CPU.ActiveCfg = Debug|Any CPU
		{0FDBE538-DF6E-43A5-8194-F586118A37E1}.Debug|Any CPU.Build.0 = Debug|Any CPU
		{0FDBE538-DF6E-43A5-8194-F586118A37E1}.Release|Any CPU.ActiveCfg = Release|Any CPU
		{0FDBE538-DF6E-43A5-8194-F586118A37E1}.Release|Any CPU.Build.0 = Release|Any CPU
		{6DBCFD61-EC15-4E46-A6A7-65B5D5BD3F33}.Debug|Any CPU.ActiveCfg = Debug|Any CPU
		{6DBCFD61-EC15-4E46-A6A7-65B5D5BD3F33}.Debug|Any CPU.Build.0 = Debug|Any CPU
		{6DBCFD61-EC15-4E46-A6A7-65B5D5BD3F33}.Release|Any CPU.ActiveCfg = Release|Any CPU
		{6DBCFD61-EC15-4E46-A6A7-65B5D5BD3F33}.Release|Any CPU.Build.0 = Release|Any CPU
		{97FE2765-3368-4233-B636-8E15B7EFEF65}.Debug|Any CPU.ActiveCfg = Debug|Any CPU
		{97FE2765-3368-4233-B636-8E15B7EFEF65}.Debug|Any CPU.Build.0 = Debug|Any CPU
		{97FE2765-3368-4233-B636-8E15B7EFEF65}.Release|Any CPU.ActiveCfg = Release|Any CPU
		{97FE2765-3368-4233-B636-8E15B7EFEF65}.Release|Any CPU.Build.0 = Release|Any CPU
	EndGlobalSection
	GlobalSection(SolutionProperties) = preSolution
		HideSolutionNode = FALSE
	EndGlobalSection
	GlobalSection(NestedProjects) = preSolution
		{5EA58E7F-5787-413D-8B12-C8A19A3718A4} = {76752C5B-46C8-4161-BAC5-1C2271A19857}
		{88CB27C1-DA1A-48DE-BE06-DD1F32A1BEFC} = {89C9798F-AC40-42CF-ADC5-2532E82EC111}
		{2F666941-736D-4732-AE06-3D59DBAA6F8F} = {68F8840B-ED41-4114-B255-5FD2CF5BF0F4}
		{530337EE-0483-4990-8F95-BD9DEA348521} = {68F8840B-ED41-4114-B255-5FD2CF5BF0F4}
		{58C9D47F-3033-4A9A-AFC2-9B466CF96740} = {68F8840B-ED41-4114-B255-5FD2CF5BF0F4}
		{4E8E8DFA-537F-4C53-A440-65C6103509DD} = {87682F4E-8E33-4035-932F-72D98333A11B}
		{4B4678F3-9E17-47E9-A80C-3E984B421857} = {87682F4E-8E33-4035-932F-72D98333A11B}
		{DA6D44EB-D93F-4615-BE90-239B43F24DB2} = {87682F4E-8E33-4035-932F-72D98333A11B}
		{77145A81-D6EC-4218-8E87-D470C1F7B1FD} = {1FA15944-8AD7-46D0-B41B-65EE5A9CD8A0}
		{321A5E40-8ECE-4414-B172-0C22A31D99E3} = {1FA15944-8AD7-46D0-B41B-65EE5A9CD8A0}
		{5DD3E8A1-7B4F-4FFF-B897-62CB98B0530E} = {1FA15944-8AD7-46D0-B41B-65EE5A9CD8A0}
		{DB27135C-C7EC-449B-9324-574FE574FFB9} = {547AA182-FD75-490A-A03E-A5D9B72526A1}
		{846DB5EC-A35B-4EDA-B9AF-058CB9EEE543} = {547AA182-FD75-490A-A03E-A5D9B72526A1}
		{9D32CFD9-AF34-4829-A59A-A5C84091AE84} = {547AA182-FD75-490A-A03E-A5D9B72526A1}
		{0FDBE538-DF6E-43A5-8194-F586118A37E1} = {6E77AB55-573D-44F9-AB66-CB90CC3510C0}
		{6DBCFD61-EC15-4E46-A6A7-65B5D5BD3F33} = {6E77AB55-573D-44F9-AB66-CB90CC3510C0}
		{97FE2765-3368-4233-B636-8E15B7EFEF65} = {6E77AB55-573D-44F9-AB66-CB90CC3510C0}
	EndGlobalSection
	GlobalSection(ExtensibilityGlobals) = postSolution
		SolutionGuid = {9DF3806E-0AFA-46A4-B125-6B9F17693A5B}
	EndGlobalSection
EndGlobal
